// !$*UTF8*$!
{
	archiveVersion = 1;
	classes = {
	};
	objectVersion = 52;
	objects = {

/* Begin PBXBuildFile section */
		607FACD61AFB9204008FA782 /* AppDelegate.swift in Sources */ = {isa = PBXBuildFile; fileRef = 607FACD51AFB9204008FA782 /* AppDelegate.swift */; };
		607FACD81AFB9204008FA782 /* ViewController.swift in Sources */ = {isa = PBXBuildFile; fileRef = 607FACD71AFB9204008FA782 /* ViewController.swift */; };
		607FACDD1AFB9204008FA782 /* Images.xcassets in Resources */ = {isa = PBXBuildFile; fileRef = 607FACDC1AFB9204008FA782 /* Images.xcassets */; };
		607FACE01AFB9204008FA782 /* LaunchScreen.xib in Resources */ = {isa = PBXBuildFile; fileRef = 607FACDE1AFB9204008FA782 /* LaunchScreen.xib */; };
		9C5125BE26CB9A3A0094B023 /* HCaptchaWebViewManager__HTML__Tests.swift in Sources */ = {isa = PBXBuildFile; fileRef = 9C5125BD26CB9A3A0094B023 /* HCaptchaWebViewManager__HTML__Tests.swift */; };
		9C766C7926CB814A00E0A592 /* HCaptchaConfig+Helpers.swift in Sources */ = {isa = PBXBuildFile; fileRef = 9C766C7826CB814A00E0A592 /* HCaptchaConfig+Helpers.swift */; };
		A6FC51BCBDD7C57C1426AB9E /* Pods_HCaptcha_Tests.framework in Frameworks */ = {isa = PBXBuildFile; fileRef = 017D19A07C4B630ECD839F7C /* Pods_HCaptcha_Tests.framework */; };
		B239CA7190DC61887942610E /* Pods_HCaptcha_Objc_Example.framework in Frameworks */ = {isa = PBXBuildFile; fileRef = 8352086EA5EE39AFD3CDA308 /* Pods_HCaptcha_Objc_Example.framework */; };
		B32DA0FE7EA8E5C693D67220 /* Pods_HCaptcha_Example.framework in Frameworks */ = {isa = PBXBuildFile; fileRef = E7C9DF3D486114AD2A813021 /* Pods_HCaptcha_Example.framework */; };
		BDFAD6E83D15B582D138D6BC /* Pods_HCaptcha_UITests.framework in Frameworks */ = {isa = PBXBuildFile; fileRef = AF5369BD0117A5DA463EACA9 /* Pods_HCaptcha_UITests.framework */; };
		E626A8002890568A0069D449 /* ContentView.swift in Sources */ = {isa = PBXBuildFile; fileRef = E626A7FF2890568A0069D449 /* ContentView.swift */; };
		E626A8022890568C0069D449 /* Assets.xcassets in Resources */ = {isa = PBXBuildFile; fileRef = E626A8012890568C0069D449 /* Assets.xcassets */; };
		E626A80A289056E00069D449 /* App.swift in Sources */ = {isa = PBXBuildFile; fileRef = E626A809289056E00069D449 /* App.swift */; };
		E62A74212771290A00973B5E /* HCaptcha__Config__Tests.swift in Sources */ = {isa = PBXBuildFile; fileRef = E62A74202771290A00973B5E /* HCaptcha__Config__Tests.swift */; };
		E64F97912895CD250044257C /* HCaptcha__Bench.swift in Sources */ = {isa = PBXBuildFile; fileRef = E64F97902895CD250044257C /* HCaptcha__Bench.swift */; };
		E65145EC2779AE830079668A /* AppDelegate.m in Sources */ = {isa = PBXBuildFile; fileRef = E65145EB2779AE830079668A /* AppDelegate.m */; };
		E65145F22779AE830079668A /* ViewController.m in Sources */ = {isa = PBXBuildFile; fileRef = E65145F12779AE830079668A /* ViewController.m */; };
		E65145FD2779AE850079668A /* main.m in Sources */ = {isa = PBXBuildFile; fileRef = E65145FC2779AE850079668A /* main.m */; };
		E651460C2779E9D30079668A /* LaunchScreen.xib in Resources */ = {isa = PBXBuildFile; fileRef = 607FACDE1AFB9204008FA782 /* LaunchScreen.xib */; };
		E651460F277A09C20079668A /* Main.storyboard in Resources */ = {isa = PBXBuildFile; fileRef = E65146042779E5380079668A /* Main.storyboard */; };
		E6514610277A09C60079668A /* Main.storyboard in Resources */ = {isa = PBXBuildFile; fileRef = 607FACD91AFB9204008FA782 /* Main.storyboard */; };
		E6514611277A0A9A0079668A /* Assets.xcassets in Resources */ = {isa = PBXBuildFile; fileRef = E65145F62779AE850079668A /* Assets.xcassets */; };
		E6586CCF2893DBCA0051EFE7 /* HCaptcha in Frameworks */ = {isa = PBXBuildFile; productRef = E6586CCE2893DBCA0051EFE7 /* HCaptcha */; };
		F206BAD51F8D3FEB00A25807 /* Cartfile in Resources */ = {isa = PBXBuildFile; fileRef = F206BAD41F8D3FEB00A25807 /* Cartfile */; };
		F231B3971FEC325A00F82943 /* DispatchQueue__Tests.swift in Sources */ = {isa = PBXBuildFile; fileRef = F231B3961FEC325A00F82943 /* DispatchQueue__Tests.swift */; };
		F231B39F1FED4A8C00F82943 /* HCaptchaDecoder+Helper.swift in Sources */ = {isa = PBXBuildFile; fileRef = F231B39E1FED4A8C00F82943 /* HCaptchaDecoder+Helper.swift */; };
		F288E9451F9537760018688D /* HCaptchaError+Equatable.swift in Sources */ = {isa = PBXBuildFile; fileRef = F288E9441F9537760018688D /* HCaptchaError+Equatable.swift */; };
		F28FAC9F200E425600E14987 /* HCaptcha_UITests.swift in Sources */ = {isa = PBXBuildFile; fileRef = F28FAC9E200E425600E14987 /* HCaptcha_UITests.swift */; };
		F2AE8612204F3430002E28D7 /* HCaptchaResult__Tests.swift in Sources */ = {isa = PBXBuildFile; fileRef = F2AE8611204F3430002E28D7 /* HCaptchaResult__Tests.swift */; };
		F2E2685E1F7AEE3400CD876D /* HCaptcha__Tests.swift in Sources */ = {isa = PBXBuildFile; fileRef = F2E2685D1F7AEE3400CD876D /* HCaptcha__Tests.swift */; };
		F2ECCF8A1E9FCEFE0097B199 /* HCaptchaDecoder__Tests.swift in Sources */ = {isa = PBXBuildFile; fileRef = F2ECCF891E9FCEFE0097B199 /* HCaptchaDecoder__Tests.swift */; };
		F2ECCF8C1E9FE37C0097B199 /* mock.html in Resources */ = {isa = PBXBuildFile; fileRef = F2ECCF8B1E9FE37C0097B199 /* mock.html */; };
		F2ECCF8E1E9FE68C0097B199 /* HCaptchaWebViewManager__Tests.swift in Sources */ = {isa = PBXBuildFile; fileRef = F2ECCF8D1E9FE68C0097B199 /* HCaptchaWebViewManager__Tests.swift */; };
		F2ECCF931EA009360097B199 /* HCaptcha+Rx__Tests.swift in Sources */ = {isa = PBXBuildFile; fileRef = F2ECCF921EA009360097B199 /* HCaptcha+Rx__Tests.swift */; };
		F2ECCF961EA00A5B0097B199 /* HCaptchaWebViewManager+Helpers.swift in Sources */ = {isa = PBXBuildFile; fileRef = F2ECCF951EA00A5B0097B199 /* HCaptchaWebViewManager+Helpers.swift */; };
/* End PBXBuildFile section */

/* Begin PBXContainerItemProxy section */
		F28FACA1200E425600E14987 /* PBXContainerItemProxy */ = {
			isa = PBXContainerItemProxy;
			containerPortal = 607FACC81AFB9204008FA782 /* Project object */;
			proxyType = 1;
			remoteGlobalIDString = 607FACCF1AFB9204008FA782;
			remoteInfo = HCaptcha_Example;
		};
		F2ECCF7B1E9FC47B0097B199 /* PBXContainerItemProxy */ = {
			isa = PBXContainerItemProxy;
			containerPortal = 607FACC81AFB9204008FA782 /* Project object */;
			proxyType = 1;
			remoteGlobalIDString = 607FACCF1AFB9204008FA782;
			remoteInfo = HCaptcha_Example;
		};
/* End PBXContainerItemProxy section */

/* Begin PBXFileReference section */
		017D19A07C4B630ECD839F7C /* Pods_HCaptcha_Tests.framework */ = {isa = PBXFileReference; explicitFileType = wrapper.framework; includeInIndex = 0; path = Pods_HCaptcha_Tests.framework; sourceTree = BUILT_PRODUCTS_DIR; };
		086C3E9D592A52524FB6CA89 /* Pods-HCaptcha_UITests.release.xcconfig */ = {isa = PBXFileReference; includeInIndex = 1; lastKnownFileType = text.xcconfig; name = "Pods-HCaptcha_UITests.release.xcconfig"; path = "Target Support Files/Pods-HCaptcha_UITests/Pods-HCaptcha_UITests.release.xcconfig"; sourceTree = "<group>"; };
		0A2D0E5B4C6E445BF971488B /* README.md */ = {isa = PBXFileReference; includeInIndex = 1; lastKnownFileType = net.daringfireball.markdown; name = README.md; path = ../README.md; sourceTree = "<group>"; };
		15BC45B776D109210F2FC581 /* Pods-HCaptcha_Tests.release.xcconfig */ = {isa = PBXFileReference; includeInIndex = 1; lastKnownFileType = text.xcconfig; name = "Pods-HCaptcha_Tests.release.xcconfig"; path = "Target Support Files/Pods-HCaptcha_Tests/Pods-HCaptcha_Tests.release.xcconfig"; sourceTree = "<group>"; };
		15CF87684AC2F129E32CC71E /* Pods-HCaptcha_Example.debug.xcconfig */ = {isa = PBXFileReference; includeInIndex = 1; lastKnownFileType = text.xcconfig; name = "Pods-HCaptcha_Example.debug.xcconfig"; path = "Target Support Files/Pods-HCaptcha_Example/Pods-HCaptcha_Example.debug.xcconfig"; sourceTree = "<group>"; };
		607FACD01AFB9204008FA782 /* HCaptcha_Example.app */ = {isa = PBXFileReference; explicitFileType = wrapper.application; includeInIndex = 0; path = HCaptcha_Example.app; sourceTree = BUILT_PRODUCTS_DIR; };
		607FACD41AFB9204008FA782 /* Info.plist */ = {isa = PBXFileReference; lastKnownFileType = text.plist.xml; path = Info.plist; sourceTree = "<group>"; };
		607FACD51AFB9204008FA782 /* AppDelegate.swift */ = {isa = PBXFileReference; lastKnownFileType = sourcecode.swift; path = AppDelegate.swift; sourceTree = "<group>"; };
		607FACD71AFB9204008FA782 /* ViewController.swift */ = {isa = PBXFileReference; lastKnownFileType = sourcecode.swift; path = ViewController.swift; sourceTree = "<group>"; };
		607FACDA1AFB9204008FA782 /* Base */ = {isa = PBXFileReference; lastKnownFileType = file.storyboard; name = Base; path = Base.lproj/Main.storyboard; sourceTree = "<group>"; };
		607FACDC1AFB9204008FA782 /* Images.xcassets */ = {isa = PBXFileReference; lastKnownFileType = folder.assetcatalog; path = Images.xcassets; sourceTree = "<group>"; };
		607FACDF1AFB9204008FA782 /* Base */ = {isa = PBXFileReference; lastKnownFileType = file.xib; name = Base; path = Base.lproj/LaunchScreen.xib; sourceTree = "<group>"; };
		62C1DD0E80E9920845E5DA51 /* HCaptcha.podspec */ = {isa = PBXFileReference; includeInIndex = 1; lastKnownFileType = text; name = HCaptcha.podspec; path = ../HCaptcha.podspec; sourceTree = "<group>"; xcLanguageSpecificationIdentifier = xcode.lang.ruby; };
		7CAE52D12DDE8FC56C961E7D /* Pods-HCaptcha_Example.release.xcconfig */ = {isa = PBXFileReference; includeInIndex = 1; lastKnownFileType = text.xcconfig; name = "Pods-HCaptcha_Example.release.xcconfig"; path = "Target Support Files/Pods-HCaptcha_Example/Pods-HCaptcha_Example.release.xcconfig"; sourceTree = "<group>"; };
		8352086EA5EE39AFD3CDA308 /* Pods_HCaptcha_Objc_Example.framework */ = {isa = PBXFileReference; explicitFileType = wrapper.framework; includeInIndex = 0; path = Pods_HCaptcha_Objc_Example.framework; sourceTree = BUILT_PRODUCTS_DIR; };
		8453AB7DC2F84E620BCFA704 /* Pods-HCaptcha_Objc_Example.release.xcconfig */ = {isa = PBXFileReference; includeInIndex = 1; lastKnownFileType = text.xcconfig; name = "Pods-HCaptcha_Objc_Example.release.xcconfig"; path = "Target Support Files/Pods-HCaptcha_Objc_Example/Pods-HCaptcha_Objc_Example.release.xcconfig"; sourceTree = "<group>"; };
		9C5125BD26CB9A3A0094B023 /* HCaptchaWebViewManager__HTML__Tests.swift */ = {isa = PBXFileReference; lastKnownFileType = sourcecode.swift; path = HCaptchaWebViewManager__HTML__Tests.swift; sourceTree = "<group>"; };
		9C766C7826CB814A00E0A592 /* HCaptchaConfig+Helpers.swift */ = {isa = PBXFileReference; lastKnownFileType = sourcecode.swift; path = "HCaptchaConfig+Helpers.swift"; sourceTree = "<group>"; };
		AF5369BD0117A5DA463EACA9 /* Pods_HCaptcha_UITests.framework */ = {isa = PBXFileReference; explicitFileType = wrapper.framework; includeInIndex = 0; path = Pods_HCaptcha_UITests.framework; sourceTree = BUILT_PRODUCTS_DIR; };
		C8537003ECC47117AF54DCA9 /* LICENSE */ = {isa = PBXFileReference; includeInIndex = 1; lastKnownFileType = text; name = LICENSE; path = ../LICENSE; sourceTree = "<group>"; };
		E626A7FB2890568A0069D449 /* HCaptcha_SwiftUI_Example.app */ = {isa = PBXFileReference; explicitFileType = wrapper.application; includeInIndex = 0; path = HCaptcha_SwiftUI_Example.app; sourceTree = BUILT_PRODUCTS_DIR; };
		E626A7FF2890568A0069D449 /* ContentView.swift */ = {isa = PBXFileReference; lastKnownFileType = sourcecode.swift; path = ContentView.swift; sourceTree = "<group>"; };
		E626A8012890568C0069D449 /* Assets.xcassets */ = {isa = PBXFileReference; lastKnownFileType = folder.assetcatalog; path = Assets.xcassets; sourceTree = "<group>"; };
		E626A809289056E00069D449 /* App.swift */ = {isa = PBXFileReference; fileEncoding = 4; lastKnownFileType = sourcecode.swift; path = App.swift; sourceTree = "<group>"; };
		E626A80C289058B70069D449 /* ios-sdk */ = {isa = PBXFileReference; lastKnownFileType = wrapper; name = "ios-sdk"; path = ..; sourceTree = "<group>"; };
		E62A74202771290A00973B5E /* HCaptcha__Config__Tests.swift */ = {isa = PBXFileReference; lastKnownFileType = sourcecode.swift; path = HCaptcha__Config__Tests.swift; sourceTree = "<group>"; };
		E64F97902895CD250044257C /* HCaptcha__Bench.swift */ = {isa = PBXFileReference; lastKnownFileType = sourcecode.swift; path = HCaptcha__Bench.swift; sourceTree = "<group>"; };
		E65145E82779AE830079668A /* HCaptcha_Objc_Example.app */ = {isa = PBXFileReference; explicitFileType = wrapper.application; includeInIndex = 0; path = HCaptcha_Objc_Example.app; sourceTree = BUILT_PRODUCTS_DIR; };
		E65145EA2779AE830079668A /* AppDelegate.h */ = {isa = PBXFileReference; lastKnownFileType = sourcecode.c.h; path = AppDelegate.h; sourceTree = "<group>"; };
		E65145EB2779AE830079668A /* AppDelegate.m */ = {isa = PBXFileReference; lastKnownFileType = sourcecode.c.objc; path = AppDelegate.m; sourceTree = "<group>"; };
		E65145F02779AE830079668A /* ViewController.h */ = {isa = PBXFileReference; lastKnownFileType = sourcecode.c.h; path = ViewController.h; sourceTree = "<group>"; };
		E65145F12779AE830079668A /* ViewController.m */ = {isa = PBXFileReference; lastKnownFileType = sourcecode.c.objc; path = ViewController.m; sourceTree = "<group>"; };
		E65145F62779AE850079668A /* Assets.xcassets */ = {isa = PBXFileReference; lastKnownFileType = folder.assetcatalog; path = Assets.xcassets; sourceTree = "<group>"; };
		E65145FB2779AE850079668A /* Info.plist */ = {isa = PBXFileReference; lastKnownFileType = text.plist.xml; path = Info.plist; sourceTree = "<group>"; };
		E65145FC2779AE850079668A /* main.m */ = {isa = PBXFileReference; lastKnownFileType = sourcecode.c.objc; path = main.m; sourceTree = "<group>"; };
		E65146042779E5380079668A /* Main.storyboard */ = {isa = PBXFileReference; fileEncoding = 4; lastKnownFileType = file.storyboard; path = Main.storyboard; sourceTree = "<group>"; };
		E7C9DF3D486114AD2A813021 /* Pods_HCaptcha_Example.framework */ = {isa = PBXFileReference; explicitFileType = wrapper.framework; includeInIndex = 0; path = Pods_HCaptcha_Example.framework; sourceTree = BUILT_PRODUCTS_DIR; };
		EE4771EFB96171863ED97253 /* Pods-HCaptcha_Tests.debug.xcconfig */ = {isa = PBXFileReference; includeInIndex = 1; lastKnownFileType = text.xcconfig; name = "Pods-HCaptcha_Tests.debug.xcconfig"; path = "Target Support Files/Pods-HCaptcha_Tests/Pods-HCaptcha_Tests.debug.xcconfig"; sourceTree = "<group>"; };
		F0C65B53B0061534EA17E10A /* Pods-HCaptcha_Objc_Example.debug.xcconfig */ = {isa = PBXFileReference; includeInIndex = 1; lastKnownFileType = text.xcconfig; name = "Pods-HCaptcha_Objc_Example.debug.xcconfig"; path = "Target Support Files/Pods-HCaptcha_Objc_Example/Pods-HCaptcha_Objc_Example.debug.xcconfig"; sourceTree = "<group>"; };
		F206BAD41F8D3FEB00A25807 /* Cartfile */ = {isa = PBXFileReference; fileEncoding = 4; lastKnownFileType = text; name = Cartfile; path = ../Cartfile; sourceTree = "<group>"; };
		F21901D91F98D62F00D8E2C9 /* CHANGELOG.md */ = {isa = PBXFileReference; lastKnownFileType = net.daringfireball.markdown; name = CHANGELOG.md; path = ../CHANGELOG.md; sourceTree = "<group>"; };
		F231B3961FEC325A00F82943 /* DispatchQueue__Tests.swift */ = {isa = PBXFileReference; lastKnownFileType = sourcecode.swift; path = DispatchQueue__Tests.swift; sourceTree = "<group>"; };
		F231B39E1FED4A8C00F82943 /* HCaptchaDecoder+Helper.swift */ = {isa = PBXFileReference; lastKnownFileType = sourcecode.swift; path = "HCaptchaDecoder+Helper.swift"; sourceTree = "<group>"; };
		F288E9441F9537760018688D /* HCaptchaError+Equatable.swift */ = {isa = PBXFileReference; lastKnownFileType = sourcecode.swift; path = "HCaptchaError+Equatable.swift"; sourceTree = "<group>"; };
		F28FAC9C200E425600E14987 /* HCaptcha_UITests.xctest */ = {isa = PBXFileReference; explicitFileType = wrapper.cfbundle; includeInIndex = 0; path = HCaptcha_UITests.xctest; sourceTree = BUILT_PRODUCTS_DIR; };
		F28FAC9E200E425600E14987 /* HCaptcha_UITests.swift */ = {isa = PBXFileReference; lastKnownFileType = sourcecode.swift; path = HCaptcha_UITests.swift; sourceTree = "<group>"; };
		F28FACA0200E425600E14987 /* Info.plist */ = {isa = PBXFileReference; lastKnownFileType = text.plist.xml; path = Info.plist; sourceTree = "<group>"; };
		F2AE8611204F3430002E28D7 /* HCaptchaResult__Tests.swift */ = {isa = PBXFileReference; fileEncoding = 4; lastKnownFileType = sourcecode.swift; path = HCaptchaResult__Tests.swift; sourceTree = "<group>"; };
		F2E2685D1F7AEE3400CD876D /* HCaptcha__Tests.swift */ = {isa = PBXFileReference; fileEncoding = 4; lastKnownFileType = sourcecode.swift; path = HCaptcha__Tests.swift; sourceTree = "<group>"; };
		F2ECCF761E9FC47B0097B199 /* HCaptcha_Tests.xctest */ = {isa = PBXFileReference; explicitFileType = wrapper.cfbundle; includeInIndex = 0; path = HCaptcha_Tests.xctest; sourceTree = BUILT_PRODUCTS_DIR; };
		F2ECCF7A1E9FC47B0097B199 /* Info.plist */ = {isa = PBXFileReference; lastKnownFileType = text.plist.xml; path = Info.plist; sourceTree = "<group>"; };
		F2ECCF891E9FCEFE0097B199 /* HCaptchaDecoder__Tests.swift */ = {isa = PBXFileReference; fileEncoding = 4; lastKnownFileType = sourcecode.swift; path = HCaptchaDecoder__Tests.swift; sourceTree = "<group>"; };
		F2ECCF8B1E9FE37C0097B199 /* mock.html */ = {isa = PBXFileReference; fileEncoding = 4; lastKnownFileType = text.html; path = mock.html; sourceTree = "<group>"; };
		F2ECCF8D1E9FE68C0097B199 /* HCaptchaWebViewManager__Tests.swift */ = {isa = PBXFileReference; fileEncoding = 4; lastKnownFileType = sourcecode.swift; path = HCaptchaWebViewManager__Tests.swift; sourceTree = "<group>"; };
		F2ECCF921EA009360097B199 /* HCaptcha+Rx__Tests.swift */ = {isa = PBXFileReference; fileEncoding = 4; lastKnownFileType = sourcecode.swift; path = "HCaptcha+Rx__Tests.swift"; sourceTree = "<group>"; };
		F2ECCF951EA00A5B0097B199 /* HCaptchaWebViewManager+Helpers.swift */ = {isa = PBXFileReference; fileEncoding = 4; lastKnownFileType = sourcecode.swift; path = "HCaptchaWebViewManager+Helpers.swift"; sourceTree = "<group>"; };
		F9ED7BF8ED7CB5CA4E75F987 /* Pods-HCaptcha_UITests.debug.xcconfig */ = {isa = PBXFileReference; includeInIndex = 1; lastKnownFileType = text.xcconfig; name = "Pods-HCaptcha_UITests.debug.xcconfig"; path = "Target Support Files/Pods-HCaptcha_UITests/Pods-HCaptcha_UITests.debug.xcconfig"; sourceTree = "<group>"; };
/* End PBXFileReference section */

/* Begin PBXFrameworksBuildPhase section */
		607FACCD1AFB9204008FA782 /* Frameworks */ = {
			isa = PBXFrameworksBuildPhase;
			buildActionMask = 2147483647;
			files = (
				B32DA0FE7EA8E5C693D67220 /* Pods_HCaptcha_Example.framework in Frameworks */,
			);
			runOnlyForDeploymentPostprocessing = 0;
		};
		E626A7F82890568A0069D449 /* Frameworks */ = {
			isa = PBXFrameworksBuildPhase;
			buildActionMask = 2147483647;
			files = (
				E6586CCF2893DBCA0051EFE7 /* HCaptcha in Frameworks */,
			);
			runOnlyForDeploymentPostprocessing = 0;
		};
		E65145E52779AE830079668A /* Frameworks */ = {
			isa = PBXFrameworksBuildPhase;
			buildActionMask = 2147483647;
			files = (
				B239CA7190DC61887942610E /* Pods_HCaptcha_Objc_Example.framework in Frameworks */,
			);
			runOnlyForDeploymentPostprocessing = 0;
		};
		F28FAC99200E425600E14987 /* Frameworks */ = {
			isa = PBXFrameworksBuildPhase;
			buildActionMask = 2147483647;
			files = (
				BDFAD6E83D15B582D138D6BC /* Pods_HCaptcha_UITests.framework in Frameworks */,
			);
			runOnlyForDeploymentPostprocessing = 0;
		};
		F2ECCF731E9FC47B0097B199 /* Frameworks */ = {
			isa = PBXFrameworksBuildPhase;
			buildActionMask = 2147483647;
			files = (
				A6FC51BCBDD7C57C1426AB9E /* Pods_HCaptcha_Tests.framework in Frameworks */,
			);
			runOnlyForDeploymentPostprocessing = 0;
		};
/* End PBXFrameworksBuildPhase section */

/* Begin PBXGroup section */
		3FB378B928AB7C6EDFA21696 /* Frameworks */ = {
			isa = PBXGroup;
			children = (
				E7C9DF3D486114AD2A813021 /* Pods_HCaptcha_Example.framework */,
				017D19A07C4B630ECD839F7C /* Pods_HCaptcha_Tests.framework */,
				AF5369BD0117A5DA463EACA9 /* Pods_HCaptcha_UITests.framework */,
				8352086EA5EE39AFD3CDA308 /* Pods_HCaptcha_Objc_Example.framework */,
			);
			name = Frameworks;
			sourceTree = "<group>";
		};
		607FACC71AFB9204008FA782 = {
			isa = PBXGroup;
			children = (
				E626A80B289058B70069D449 /* Packages */,
				607FACF51AFB993E008FA782 /* Podspec Metadata */,
				607FACD21AFB9204008FA782 /* Example for HCaptcha */,
				F2ECCF771E9FC47B0097B199 /* HCaptcha_Tests */,
				F28FAC9D200E425600E14987 /* HCaptcha_UITests */,
				E65145E92779AE830079668A /* ObjC */,
				E626A7FC2890568A0069D449 /* SwiftUI */,
				607FACD11AFB9204008FA782 /* Products */,
				61C8B559C1E1C131025EE4EB /* Pods */,
				3FB378B928AB7C6EDFA21696 /* Frameworks */,
			);
			sourceTree = "<group>";
		};
		607FACD11AFB9204008FA782 /* Products */ = {
			isa = PBXGroup;
			children = (
				607FACD01AFB9204008FA782 /* HCaptcha_Example.app */,
				F2ECCF761E9FC47B0097B199 /* HCaptcha_Tests.xctest */,
				F28FAC9C200E425600E14987 /* HCaptcha_UITests.xctest */,
				E65145E82779AE830079668A /* HCaptcha_Objc_Example.app */,
				E626A7FB2890568A0069D449 /* HCaptcha_SwiftUI_Example.app */,
			);
			name = Products;
			sourceTree = "<group>";
		};
		607FACD21AFB9204008FA782 /* Example for HCaptcha */ = {
			isa = PBXGroup;
			children = (
				607FACD51AFB9204008FA782 /* AppDelegate.swift */,
				607FACD71AFB9204008FA782 /* ViewController.swift */,
				607FACD91AFB9204008FA782 /* Main.storyboard */,
				607FACDC1AFB9204008FA782 /* Images.xcassets */,
				607FACDE1AFB9204008FA782 /* LaunchScreen.xib */,
				607FACD31AFB9204008FA782 /* Supporting Files */,
			);
			name = "Example for HCaptcha";
			path = HCaptcha;
			sourceTree = "<group>";
		};
		607FACD31AFB9204008FA782 /* Supporting Files */ = {
			isa = PBXGroup;
			children = (
				607FACD41AFB9204008FA782 /* Info.plist */,
			);
			name = "Supporting Files";
			sourceTree = "<group>";
		};
		607FACF51AFB993E008FA782 /* Podspec Metadata */ = {
			isa = PBXGroup;
			children = (
				62C1DD0E80E9920845E5DA51 /* HCaptcha.podspec */,
				F206BAD41F8D3FEB00A25807 /* Cartfile */,
				0A2D0E5B4C6E445BF971488B /* README.md */,
				C8537003ECC47117AF54DCA9 /* LICENSE */,
				F21901D91F98D62F00D8E2C9 /* CHANGELOG.md */,
			);
			name = "Podspec Metadata";
			sourceTree = "<group>";
		};
		61C8B559C1E1C131025EE4EB /* Pods */ = {
			isa = PBXGroup;
			children = (
				15CF87684AC2F129E32CC71E /* Pods-HCaptcha_Example.debug.xcconfig */,
				7CAE52D12DDE8FC56C961E7D /* Pods-HCaptcha_Example.release.xcconfig */,
				EE4771EFB96171863ED97253 /* Pods-HCaptcha_Tests.debug.xcconfig */,
				15BC45B776D109210F2FC581 /* Pods-HCaptcha_Tests.release.xcconfig */,
				F9ED7BF8ED7CB5CA4E75F987 /* Pods-HCaptcha_UITests.debug.xcconfig */,
				086C3E9D592A52524FB6CA89 /* Pods-HCaptcha_UITests.release.xcconfig */,
				F0C65B53B0061534EA17E10A /* Pods-HCaptcha_Objc_Example.debug.xcconfig */,
				8453AB7DC2F84E620BCFA704 /* Pods-HCaptcha_Objc_Example.release.xcconfig */,
			);
			path = Pods;
			sourceTree = "<group>";
		};
		E626A7FC2890568A0069D449 /* SwiftUI */ = {
			isa = PBXGroup;
			children = (
				E626A809289056E00069D449 /* App.swift */,
				E626A7FF2890568A0069D449 /* ContentView.swift */,
				E626A8012890568C0069D449 /* Assets.xcassets */,
			);
			path = SwiftUI;
			sourceTree = "<group>";
		};
		E626A80B289058B70069D449 /* Packages */ = {
			isa = PBXGroup;
			children = (
				E626A80C289058B70069D449 /* ios-sdk */,
			);
			name = Packages;
			sourceTree = "<group>";
		};
		E65145E92779AE830079668A /* ObjC */ = {
			isa = PBXGroup;
			children = (
				E65146042779E5380079668A /* Main.storyboard */,
				E65145EA2779AE830079668A /* AppDelegate.h */,
				E65145EB2779AE830079668A /* AppDelegate.m */,
				E65145F02779AE830079668A /* ViewController.h */,
				E65145F12779AE830079668A /* ViewController.m */,
				E65145F62779AE850079668A /* Assets.xcassets */,
				E65145FB2779AE850079668A /* Info.plist */,
				E65145FC2779AE850079668A /* main.m */,
			);
			path = ObjC;
			sourceTree = "<group>";
		};
		F28FAC9D200E425600E14987 /* HCaptcha_UITests */ = {
			isa = PBXGroup;
			children = (
				F28FAC9E200E425600E14987 /* HCaptcha_UITests.swift */,
				F28FACA0200E425600E14987 /* Info.plist */,
			);
			path = HCaptcha_UITests;
			sourceTree = "<group>";
		};
		F2ECCF771E9FC47B0097B199 /* HCaptcha_Tests */ = {
			isa = PBXGroup;
			children = (
				F2ECCF8B1E9FE37C0097B199 /* mock.html */,
				F2ECCF821E9FC4AC0097B199 /* Core */,
				F2ECCF911EA009220097B199 /* RxSwift */,
				F2ECCF941EA00A4A0097B199 /* Helpers */,
				F2ECCF7A1E9FC47B0097B199 /* Info.plist */,
			);
			path = HCaptcha_Tests;
			sourceTree = "<group>";
		};
		F2ECCF821E9FC4AC0097B199 /* Core */ = {
			isa = PBXGroup;
			children = (
				F2ECCF891E9FCEFE0097B199 /* HCaptchaDecoder__Tests.swift */,
				F2ECCF8D1E9FE68C0097B199 /* HCaptchaWebViewManager__Tests.swift */,
				9C5125BD26CB9A3A0094B023 /* HCaptchaWebViewManager__HTML__Tests.swift */,
				F2E2685D1F7AEE3400CD876D /* HCaptcha__Tests.swift */,
				E64F97902895CD250044257C /* HCaptcha__Bench.swift */,
				E62A74202771290A00973B5E /* HCaptcha__Config__Tests.swift */,
				F231B3961FEC325A00F82943 /* DispatchQueue__Tests.swift */,
				F2AE8611204F3430002E28D7 /* HCaptchaResult__Tests.swift */,
			);
			path = Core;
			sourceTree = "<group>";
		};
		F2ECCF911EA009220097B199 /* RxSwift */ = {
			isa = PBXGroup;
			children = (
				F2ECCF921EA009360097B199 /* HCaptcha+Rx__Tests.swift */,
			);
			path = RxSwift;
			sourceTree = "<group>";
		};
		F2ECCF941EA00A4A0097B199 /* Helpers */ = {
			isa = PBXGroup;
			children = (
				F2ECCF951EA00A5B0097B199 /* HCaptchaWebViewManager+Helpers.swift */,
				9C766C7826CB814A00E0A592 /* HCaptchaConfig+Helpers.swift */,
				F288E9441F9537760018688D /* HCaptchaError+Equatable.swift */,
				F231B39E1FED4A8C00F82943 /* HCaptchaDecoder+Helper.swift */,
			);
			path = Helpers;
			sourceTree = "<group>";
		};
/* End PBXGroup section */

/* Begin PBXNativeTarget section */
		607FACCF1AFB9204008FA782 /* HCaptcha_Example */ = {
			isa = PBXNativeTarget;
			buildConfigurationList = 607FACEF1AFB9204008FA782 /* Build configuration list for PBXNativeTarget "HCaptcha_Example" */;
			buildPhases = (
				B7BF578F9EF3E3A45B21D52D /* [CP] Check Pods Manifest.lock */,
				607FACCC1AFB9204008FA782 /* Sources */,
				607FACCD1AFB9204008FA782 /* Frameworks */,
				607FACCE1AFB9204008FA782 /* Resources */,
				F231B3981FEC3B7F00F82943 /* SwiftLint */,
				185BFCAA848D75413CFA5A03 /* [CP] Embed Pods Frameworks */,
			);
			buildRules = (
			);
			dependencies = (
			);
			name = HCaptcha_Example;
			productName = HCaptcha;
			productReference = 607FACD01AFB9204008FA782 /* HCaptcha_Example.app */;
			productType = "com.apple.product-type.application";
		};
		E626A7FA2890568A0069D449 /* HCaptcha_SwiftUI_Example */ = {
			isa = PBXNativeTarget;
			buildConfigurationList = E626A8082890568C0069D449 /* Build configuration list for PBXNativeTarget "HCaptcha_SwiftUI_Example" */;
			buildPhases = (
				E626A7F72890568A0069D449 /* Sources */,
				E626A7F82890568A0069D449 /* Frameworks */,
				E626A7F92890568A0069D449 /* Resources */,
			);
			buildRules = (
			);
			dependencies = (
				E6586CD12893DBD80051EFE7 /* PBXTargetDependency */,
			);
			name = HCaptcha_SwiftUI_Example;
			packageProductDependencies = (
				E6586CCE2893DBCA0051EFE7 /* HCaptcha */,
			);
			productName = HCaptcha_SwiftUI_Example;
			productReference = E626A7FB2890568A0069D449 /* HCaptcha_SwiftUI_Example.app */;
			productType = "com.apple.product-type.application";
		};
		E65145E72779AE830079668A /* HCaptcha_Objc_Example */ = {
			isa = PBXNativeTarget;
			buildConfigurationList = E65146002779AE850079668A /* Build configuration list for PBXNativeTarget "HCaptcha_Objc_Example" */;
			buildPhases = (
				BA40BB3BE2448DD9B945912B /* [CP] Check Pods Manifest.lock */,
				E65145E42779AE830079668A /* Sources */,
				E65145E52779AE830079668A /* Frameworks */,
				E65145E62779AE830079668A /* Resources */,
				DACF56C3C2B653DEDAC7E153 /* [CP] Embed Pods Frameworks */,
			);
			buildRules = (
			);
			dependencies = (
			);
			name = HCaptcha_Objc_Example;
			productName = HCaptcha_Objc_Example;
			productReference = E65145E82779AE830079668A /* HCaptcha_Objc_Example.app */;
			productType = "com.apple.product-type.application";
		};
		F28FAC9B200E425600E14987 /* HCaptcha_UITests */ = {
			isa = PBXNativeTarget;
			buildConfigurationList = F28FACA5200E425600E14987 /* Build configuration list for PBXNativeTarget "HCaptcha_UITests" */;
			buildPhases = (
				725E6D59F8BBFA75D9FC011F /* [CP] Check Pods Manifest.lock */,
				F28FAC98200E425600E14987 /* Sources */,
				F28FAC99200E425600E14987 /* Frameworks */,
				F28FAC9A200E425600E14987 /* Resources */,
				F28FACA6200E447600E14987 /* ShellScript */,
			);
			buildRules = (
			);
			dependencies = (
				F28FACA2200E425600E14987 /* PBXTargetDependency */,
			);
			name = HCaptcha_UITests;
			productName = HCaptcha_UITests;
			productReference = F28FAC9C200E425600E14987 /* HCaptcha_UITests.xctest */;
			productType = "com.apple.product-type.bundle.ui-testing";
		};
		F2ECCF751E9FC47B0097B199 /* HCaptcha_Tests */ = {
			isa = PBXNativeTarget;
			buildConfigurationList = F2ECCF7D1E9FC47B0097B199 /* Build configuration list for PBXNativeTarget "HCaptcha_Tests" */;
			buildPhases = (
				57DD493A364341D8FDECF9AE /* [CP] Check Pods Manifest.lock */,
				F2ECCF721E9FC47B0097B199 /* Sources */,
				F2ECCF731E9FC47B0097B199 /* Frameworks */,
				F2ECCF741E9FC47B0097B199 /* Resources */,
				FDEC8DF53099C4BA92CB48DA /* [CP] Embed Pods Frameworks */,
			);
			buildRules = (
			);
			dependencies = (
				F2ECCF7C1E9FC47B0097B199 /* PBXTargetDependency */,
			);
			name = HCaptcha_Tests;
			productName = HCaptcha_Tests;
			productReference = F2ECCF761E9FC47B0097B199 /* HCaptcha_Tests.xctest */;
			productType = "com.apple.product-type.bundle.unit-test";
		};
/* End PBXNativeTarget section */

/* Begin PBXProject section */
		607FACC81AFB9204008FA782 /* Project object */ = {
			isa = PBXProject;
			attributes = {
				LastSwiftUpdateCheck = 1340;
				LastUpgradeCheck = 1150;
				ORGANIZATIONNAME = HCaptcha;
				TargetAttributes = {
					607FACCF1AFB9204008FA782 = {
						CreatedOnToolsVersion = 6.3.1;
						DevelopmentTeam = 58EEZG76L8;
						LastSwiftMigration = 1020;
						ProvisioningStyle = Manual;
					};
					E626A7FA2890568A0069D449 = {
						CreatedOnToolsVersion = 13.4.1;
						ProvisioningStyle = Automatic;
					};
					E65145E72779AE830079668A = {
						CreatedOnToolsVersion = 13.2.1;
						ProvisioningStyle = Automatic;
					};
					F28FAC9B200E425600E14987 = {
						CreatedOnToolsVersion = 9.1;
						LastSwiftMigration = 1020;
						ProvisioningStyle = Automatic;
						TestTargetID = 607FACCF1AFB9204008FA782;
					};
					F2ECCF751E9FC47B0097B199 = {
						CreatedOnToolsVersion = 8.3;
						LastSwiftMigration = 1020;
						ProvisioningStyle = Automatic;
						TestTargetID = 607FACCF1AFB9204008FA782;
					};
				};
			};
			buildConfigurationList = 607FACCB1AFB9204008FA782 /* Build configuration list for PBXProject "HCaptcha" */;
			compatibilityVersion = "Xcode 3.2";
			developmentRegion = English;
			hasScannedForEncodings = 0;
			knownRegions = (
				English,
				en,
				Base,
			);
			mainGroup = 607FACC71AFB9204008FA782;
			productRefGroup = 607FACD11AFB9204008FA782 /* Products */;
			projectDirPath = "";
			projectRoot = "";
			targets = (
				607FACCF1AFB9204008FA782 /* HCaptcha_Example */,
				F2ECCF751E9FC47B0097B199 /* HCaptcha_Tests */,
				F28FAC9B200E425600E14987 /* HCaptcha_UITests */,
				E65145E72779AE830079668A /* HCaptcha_Objc_Example */,
				E626A7FA2890568A0069D449 /* HCaptcha_SwiftUI_Example */,
			);
		};
/* End PBXProject section */

/* Begin PBXResourcesBuildPhase section */
		607FACCE1AFB9204008FA782 /* Resources */ = {
			isa = PBXResourcesBuildPhase;
			buildActionMask = 2147483647;
			files = (
				F206BAD51F8D3FEB00A25807 /* Cartfile in Resources */,
				607FACE01AFB9204008FA782 /* LaunchScreen.xib in Resources */,
				607FACDD1AFB9204008FA782 /* Images.xcassets in Resources */,
				E6514610277A09C60079668A /* Main.storyboard in Resources */,
			);
			runOnlyForDeploymentPostprocessing = 0;
		};
		E626A7F92890568A0069D449 /* Resources */ = {
			isa = PBXResourcesBuildPhase;
			buildActionMask = 2147483647;
			files = (
				E626A8022890568C0069D449 /* Assets.xcassets in Resources */,
			);
			runOnlyForDeploymentPostprocessing = 0;
		};
		E65145E62779AE830079668A /* Resources */ = {
			isa = PBXResourcesBuildPhase;
			buildActionMask = 2147483647;
			files = (
				E6514611277A0A9A0079668A /* Assets.xcassets in Resources */,
				E651460C2779E9D30079668A /* LaunchScreen.xib in Resources */,
				E651460F277A09C20079668A /* Main.storyboard in Resources */,
			);
			runOnlyForDeploymentPostprocessing = 0;
		};
		F28FAC9A200E425600E14987 /* Resources */ = {
			isa = PBXResourcesBuildPhase;
			buildActionMask = 2147483647;
			files = (
			);
			runOnlyForDeploymentPostprocessing = 0;
		};
		F2ECCF741E9FC47B0097B199 /* Resources */ = {
			isa = PBXResourcesBuildPhase;
			buildActionMask = 2147483647;
			files = (
				F2ECCF8C1E9FE37C0097B199 /* mock.html in Resources */,
			);
			runOnlyForDeploymentPostprocessing = 0;
		};
/* End PBXResourcesBuildPhase section */

/* Begin PBXShellScriptBuildPhase section */
		185BFCAA848D75413CFA5A03 /* [CP] Embed Pods Frameworks */ = {
			isa = PBXShellScriptBuildPhase;
			buildActionMask = 2147483647;
			files = (
			);
			inputPaths = (
				"${PODS_ROOT}/Target Support Files/Pods-HCaptcha_Example/Pods-HCaptcha_Example-frameworks.sh",
				"${BUILT_PRODUCTS_DIR}/HCaptcha-Core-RxSwift/HCaptcha.framework",
				"${BUILT_PRODUCTS_DIR}/RxCocoa/RxCocoa.framework",
				"${BUILT_PRODUCTS_DIR}/RxRelay/RxRelay.framework",
				"${BUILT_PRODUCTS_DIR}/RxSwift/RxSwift.framework",
			);
			name = "[CP] Embed Pods Frameworks";
			outputPaths = (
				"${TARGET_BUILD_DIR}/${FRAMEWORKS_FOLDER_PATH}/HCaptcha.framework",
				"${TARGET_BUILD_DIR}/${FRAMEWORKS_FOLDER_PATH}/RxCocoa.framework",
				"${TARGET_BUILD_DIR}/${FRAMEWORKS_FOLDER_PATH}/RxRelay.framework",
				"${TARGET_BUILD_DIR}/${FRAMEWORKS_FOLDER_PATH}/RxSwift.framework",
			);
			runOnlyForDeploymentPostprocessing = 0;
			shellPath = /bin/sh;
			shellScript = "\"${PODS_ROOT}/Target Support Files/Pods-HCaptcha_Example/Pods-HCaptcha_Example-frameworks.sh\"\n";
			showEnvVarsInLog = 0;
		};
		57DD493A364341D8FDECF9AE /* [CP] Check Pods Manifest.lock */ = {
			isa = PBXShellScriptBuildPhase;
			buildActionMask = 2147483647;
			files = (
			);
			inputFileListPaths = (
			);
			inputPaths = (
				"${PODS_PODFILE_DIR_PATH}/Podfile.lock",
				"${PODS_ROOT}/Manifest.lock",
			);
			name = "[CP] Check Pods Manifest.lock";
			outputFileListPaths = (
			);
			outputPaths = (
				"$(DERIVED_FILE_DIR)/Pods-HCaptcha_Tests-checkManifestLockResult.txt",
			);
			runOnlyForDeploymentPostprocessing = 0;
			shellPath = /bin/sh;
			shellScript = "diff \"${PODS_PODFILE_DIR_PATH}/Podfile.lock\" \"${PODS_ROOT}/Manifest.lock\" > /dev/null\nif [ $? != 0 ] ; then\n    # print error to STDERR\n    echo \"error: The sandbox is not in sync with the Podfile.lock. Run 'pod install' or update your CocoaPods installation.\" >&2\n    exit 1\nfi\n# This output is used by Xcode 'outputs' to avoid re-running this script phase.\necho \"SUCCESS\" > \"${SCRIPT_OUTPUT_FILE_0}\"\n";
			showEnvVarsInLog = 0;
		};
		725E6D59F8BBFA75D9FC011F /* [CP] Check Pods Manifest.lock */ = {
			isa = PBXShellScriptBuildPhase;
			buildActionMask = 2147483647;
			files = (
			);
			inputFileListPaths = (
			);
			inputPaths = (
				"${PODS_PODFILE_DIR_PATH}/Podfile.lock",
				"${PODS_ROOT}/Manifest.lock",
			);
			name = "[CP] Check Pods Manifest.lock";
			outputFileListPaths = (
			);
			outputPaths = (
				"$(DERIVED_FILE_DIR)/Pods-HCaptcha_UITests-checkManifestLockResult.txt",
			);
			runOnlyForDeploymentPostprocessing = 0;
			shellPath = /bin/sh;
			shellScript = "diff \"${PODS_PODFILE_DIR_PATH}/Podfile.lock\" \"${PODS_ROOT}/Manifest.lock\" > /dev/null\nif [ $? != 0 ] ; then\n    # print error to STDERR\n    echo \"error: The sandbox is not in sync with the Podfile.lock. Run 'pod install' or update your CocoaPods installation.\" >&2\n    exit 1\nfi\n# This output is used by Xcode 'outputs' to avoid re-running this script phase.\necho \"SUCCESS\" > \"${SCRIPT_OUTPUT_FILE_0}\"\n";
			showEnvVarsInLog = 0;
		};
		B7BF578F9EF3E3A45B21D52D /* [CP] Check Pods Manifest.lock */ = {
			isa = PBXShellScriptBuildPhase;
			buildActionMask = 2147483647;
			files = (
			);
			inputFileListPaths = (
			);
			inputPaths = (
				"${PODS_PODFILE_DIR_PATH}/Podfile.lock",
				"${PODS_ROOT}/Manifest.lock",
			);
			name = "[CP] Check Pods Manifest.lock";
			outputFileListPaths = (
			);
			outputPaths = (
				"$(DERIVED_FILE_DIR)/Pods-HCaptcha_Example-checkManifestLockResult.txt",
			);
			runOnlyForDeploymentPostprocessing = 0;
			shellPath = /bin/sh;
			shellScript = "diff \"${PODS_PODFILE_DIR_PATH}/Podfile.lock\" \"${PODS_ROOT}/Manifest.lock\" > /dev/null\nif [ $? != 0 ] ; then\n    # print error to STDERR\n    echo \"error: The sandbox is not in sync with the Podfile.lock. Run 'pod install' or update your CocoaPods installation.\" >&2\n    exit 1\nfi\n# This output is used by Xcode 'outputs' to avoid re-running this script phase.\necho \"SUCCESS\" > \"${SCRIPT_OUTPUT_FILE_0}\"\n";
			showEnvVarsInLog = 0;
		};
		BA40BB3BE2448DD9B945912B /* [CP] Check Pods Manifest.lock */ = {
			isa = PBXShellScriptBuildPhase;
			buildActionMask = 2147483647;
			files = (
			);
			inputFileListPaths = (
			);
			inputPaths = (
				"${PODS_PODFILE_DIR_PATH}/Podfile.lock",
				"${PODS_ROOT}/Manifest.lock",
			);
			name = "[CP] Check Pods Manifest.lock";
			outputFileListPaths = (
			);
			outputPaths = (
				"$(DERIVED_FILE_DIR)/Pods-HCaptcha_Objc_Example-checkManifestLockResult.txt",
			);
			runOnlyForDeploymentPostprocessing = 0;
			shellPath = /bin/sh;
			shellScript = "diff \"${PODS_PODFILE_DIR_PATH}/Podfile.lock\" \"${PODS_ROOT}/Manifest.lock\" > /dev/null\nif [ $? != 0 ] ; then\n    # print error to STDERR\n    echo \"error: The sandbox is not in sync with the Podfile.lock. Run 'pod install' or update your CocoaPods installation.\" >&2\n    exit 1\nfi\n# This output is used by Xcode 'outputs' to avoid re-running this script phase.\necho \"SUCCESS\" > \"${SCRIPT_OUTPUT_FILE_0}\"\n";
			showEnvVarsInLog = 0;
		};
		DACF56C3C2B653DEDAC7E153 /* [CP] Embed Pods Frameworks */ = {
			isa = PBXShellScriptBuildPhase;
			buildActionMask = 2147483647;
			files = (
			);
			inputPaths = (
				"${PODS_ROOT}/Target Support Files/Pods-HCaptcha_Objc_Example/Pods-HCaptcha_Objc_Example-frameworks.sh",
				"${BUILT_PRODUCTS_DIR}/HCaptcha-Core/HCaptcha.framework",
			);
			name = "[CP] Embed Pods Frameworks";
			outputPaths = (
				"${TARGET_BUILD_DIR}/${FRAMEWORKS_FOLDER_PATH}/HCaptcha.framework",
			);
			runOnlyForDeploymentPostprocessing = 0;
			shellPath = /bin/sh;
			shellScript = "\"${PODS_ROOT}/Target Support Files/Pods-HCaptcha_Objc_Example/Pods-HCaptcha_Objc_Example-frameworks.sh\"\n";
			showEnvVarsInLog = 0;
		};
		F231B3981FEC3B7F00F82943 /* SwiftLint */ = {
			isa = PBXShellScriptBuildPhase;
			buildActionMask = 2147483647;
			files = (
			);
			inputPaths = (
			);
			name = SwiftLint;
			outputPaths = (
			);
			runOnlyForDeploymentPostprocessing = 0;
			shellPath = /bin/sh;
			shellScript = "\"${PODS_ROOT}/SwiftLint/swiftlint\" --config \"${PROJECT_DIR}/.swiftlint.yml\"\n";
		};
		F28FACA6200E447600E14987 /* ShellScript */ = {
			isa = PBXShellScriptBuildPhase;
			buildActionMask = 2147483647;
			files = (
			);
			inputPaths = (
			);
			outputPaths = (
			);
			runOnlyForDeploymentPostprocessing = 0;
			shellPath = /bin/sh;
			shellScript = "# Unfortuantely, Xcode 7.3 and Cocoapods are not yet fully compatible. The location of the xctest bundle has changed and so we need to manually copy some things ...\n# this fix is necesary - tested on Cocoapods 1.1.rc2 that still have the issue.\n# ver 0.2\n\n# set variables\nBUILD_ROOT=\"${BUILT_PRODUCTS_DIR}\"\n\nMAIN_TARGET_NAME=\"HCaptcha_Example.app\"   #if you know how to get this from here do let me know!\nMAIN_TARGET_FRAMEWORKS=\"${BUILT_PRODUCTS_DIR}/${MAIN_TARGET_NAME}/Frameworks\"\n\nTEST_TARGET_NAME=\"HCaptcha_UITests\"\nTEST_RUNNER_TARGET_FRAMEWORKS=\"${BUILT_PRODUCTS_DIR}/${TEST_TARGET_NAME}-Runner.app\"\n\n# COPY FRAMEWORKS FROM MAIN TARGET TO TEST TARGET if framework folder exists\nif [[ -d \"${MAIN_TARGET_FRAMEWORKS}\" ]]; then\necho \"**** COPYING FRAMEWORKS FROM \\\"${MAIN_TARGET_FRAMEWORKS}\\\" TO \\\"${TEST_RUNNER_TARGET_FRAMEWORKS}\\\" ...\"\ncp -R \"${MAIN_TARGET_FRAMEWORKS}\" \"${TEST_RUNNER_TARGET_FRAMEWORKS}\"\nfi\n\n# You don't really need this section below if your script works, otherwise it is quite helpful to troubleshoot any problems with paths.\n\n# DEBUG SECTION\necho \"BUILD_ROOT : ${BUILD_ROOT}\"\necho \"MAIN_TARGET_NAME : ${MAIN_TARGET_NAME}\"\necho \"MAIN_TARGET_FRAMEWORKS ${MAIN_TARGET_FRAMEWORKS}\"\necho \"TEST_TARGET_NAME : ${TEST_TARGET_NAME}\"\necho \"TEST_RUNNER_TARGET_FRAMEWORKS : ${TEST_TARGET_FRAMEWORKS}\"\necho \"CONTENT: ${CONTENTS_FOLDER_PATH}\"\necho \"FRAMEWORK PATH: ${FRAMEWORKS_FOLDER_PATH}\"\necho \"TARGET BUILD DIR: ${TARGET_BUILD_DIR}\"";
		};
		FDEC8DF53099C4BA92CB48DA /* [CP] Embed Pods Frameworks */ = {
			isa = PBXShellScriptBuildPhase;
			buildActionMask = 2147483647;
			files = (
			);
			inputPaths = (
				"${PODS_ROOT}/Target Support Files/Pods-HCaptcha_Tests/Pods-HCaptcha_Tests-frameworks.sh",
				"${BUILT_PRODUCTS_DIR}/RxSwift/RxSwift.framework",
				"${BUILT_PRODUCTS_DIR}/AppSwizzle/AppSwizzle.framework",
				"${BUILT_PRODUCTS_DIR}/RxBlocking/RxBlocking.framework",
			);
			name = "[CP] Embed Pods Frameworks";
			outputPaths = (
				"${TARGET_BUILD_DIR}/${FRAMEWORKS_FOLDER_PATH}/RxSwift.framework",
				"${TARGET_BUILD_DIR}/${FRAMEWORKS_FOLDER_PATH}/AppSwizzle.framework",
				"${TARGET_BUILD_DIR}/${FRAMEWORKS_FOLDER_PATH}/RxBlocking.framework",
			);
			runOnlyForDeploymentPostprocessing = 0;
			shellPath = /bin/sh;
			shellScript = "\"${PODS_ROOT}/Target Support Files/Pods-HCaptcha_Tests/Pods-HCaptcha_Tests-frameworks.sh\"\n";
			showEnvVarsInLog = 0;
		};
/* End PBXShellScriptBuildPhase section */

/* Begin PBXSourcesBuildPhase section */
		607FACCC1AFB9204008FA782 /* Sources */ = {
			isa = PBXSourcesBuildPhase;
			buildActionMask = 2147483647;
			files = (
				607FACD81AFB9204008FA782 /* ViewController.swift in Sources */,
				607FACD61AFB9204008FA782 /* AppDelegate.swift in Sources */,
			);
			runOnlyForDeploymentPostprocessing = 0;
		};
		E626A7F72890568A0069D449 /* Sources */ = {
			isa = PBXSourcesBuildPhase;
			buildActionMask = 2147483647;
			files = (
				E626A8002890568A0069D449 /* ContentView.swift in Sources */,
				E626A80A289056E00069D449 /* App.swift in Sources */,
			);
			runOnlyForDeploymentPostprocessing = 0;
		};
		E65145E42779AE830079668A /* Sources */ = {
			isa = PBXSourcesBuildPhase;
			buildActionMask = 2147483647;
			files = (
				E65145F22779AE830079668A /* ViewController.m in Sources */,
				E65145EC2779AE830079668A /* AppDelegate.m in Sources */,
				E65145FD2779AE850079668A /* main.m in Sources */,
			);
			runOnlyForDeploymentPostprocessing = 0;
		};
		F28FAC98200E425600E14987 /* Sources */ = {
			isa = PBXSourcesBuildPhase;
			buildActionMask = 2147483647;
			files = (
				F28FAC9F200E425600E14987 /* HCaptcha_UITests.swift in Sources */,
			);
			runOnlyForDeploymentPostprocessing = 0;
		};
		F2ECCF721E9FC47B0097B199 /* Sources */ = {
			isa = PBXSourcesBuildPhase;
			buildActionMask = 2147483647;
			files = (
				F2AE8612204F3430002E28D7 /* HCaptchaResult__Tests.swift in Sources */,
				F2ECCF961EA00A5B0097B199 /* HCaptchaWebViewManager+Helpers.swift in Sources */,
				F2ECCF8E1E9FE68C0097B199 /* HCaptchaWebViewManager__Tests.swift in Sources */,
				F231B3971FEC325A00F82943 /* DispatchQueue__Tests.swift in Sources */,
				E64F97912895CD250044257C /* HCaptcha__Bench.swift in Sources */,
				F231B39F1FED4A8C00F82943 /* HCaptchaDecoder+Helper.swift in Sources */,
				F2E2685E1F7AEE3400CD876D /* HCaptcha__Tests.swift in Sources */,
				F2ECCF931EA009360097B199 /* HCaptcha+Rx__Tests.swift in Sources */,
				F288E9451F9537760018688D /* HCaptchaError+Equatable.swift in Sources */,
				F2ECCF8A1E9FCEFE0097B199 /* HCaptchaDecoder__Tests.swift in Sources */,
				9C766C7926CB814A00E0A592 /* HCaptchaConfig+Helpers.swift in Sources */,
				E62A74212771290A00973B5E /* HCaptcha__Config__Tests.swift in Sources */,
				9C5125BE26CB9A3A0094B023 /* HCaptchaWebViewManager__HTML__Tests.swift in Sources */,
			);
			runOnlyForDeploymentPostprocessing = 0;
		};
/* End PBXSourcesBuildPhase section */

/* Begin PBXTargetDependency section */
		E6586CD12893DBD80051EFE7 /* PBXTargetDependency */ = {
			isa = PBXTargetDependency;
			productRef = E6586CD02893DBD80051EFE7 /* HCaptcha */;
		};
		F28FACA2200E425600E14987 /* PBXTargetDependency */ = {
			isa = PBXTargetDependency;
			target = 607FACCF1AFB9204008FA782 /* HCaptcha_Example */;
			targetProxy = F28FACA1200E425600E14987 /* PBXContainerItemProxy */;
		};
		F2ECCF7C1E9FC47B0097B199 /* PBXTargetDependency */ = {
			isa = PBXTargetDependency;
			target = 607FACCF1AFB9204008FA782 /* HCaptcha_Example */;
			targetProxy = F2ECCF7B1E9FC47B0097B199 /* PBXContainerItemProxy */;
		};
/* End PBXTargetDependency section */

/* Begin PBXVariantGroup section */
		607FACD91AFB9204008FA782 /* Main.storyboard */ = {
			isa = PBXVariantGroup;
			children = (
				607FACDA1AFB9204008FA782 /* Base */,
			);
			name = Main.storyboard;
			sourceTree = "<group>";
		};
		607FACDE1AFB9204008FA782 /* LaunchScreen.xib */ = {
			isa = PBXVariantGroup;
			children = (
				607FACDF1AFB9204008FA782 /* Base */,
			);
			name = LaunchScreen.xib;
			sourceTree = "<group>";
		};
/* End PBXVariantGroup section */

/* Begin XCBuildConfiguration section */
		607FACED1AFB9204008FA782 /* Debug */ = {
			isa = XCBuildConfiguration;
			buildSettings = {
				ALWAYS_SEARCH_USER_PATHS = NO;
				CLANG_ANALYZER_LOCALIZABILITY_NONLOCALIZED = YES;
				CLANG_CXX_LANGUAGE_STANDARD = "gnu++0x";
				CLANG_CXX_LIBRARY = "libc++";
				CLANG_ENABLE_MODULES = YES;
				CLANG_ENABLE_OBJC_ARC = YES;
				CLANG_WARN_BLOCK_CAPTURE_AUTORELEASING = YES;
				CLANG_WARN_BOOL_CONVERSION = YES;
				CLANG_WARN_COMMA = YES;
				CLANG_WARN_CONSTANT_CONVERSION = YES;
				CLANG_WARN_DEPRECATED_OBJC_IMPLEMENTATIONS = YES;
				CLANG_WARN_DIRECT_OBJC_ISA_USAGE = YES_ERROR;
				CLANG_WARN_EMPTY_BODY = YES;
				CLANG_WARN_ENUM_CONVERSION = YES;
				CLANG_WARN_INFINITE_RECURSION = YES;
				CLANG_WARN_INT_CONVERSION = YES;
				CLANG_WARN_NON_LITERAL_NULL_CONVERSION = YES;
				CLANG_WARN_OBJC_IMPLICIT_RETAIN_SELF = YES;
				CLANG_WARN_OBJC_LITERAL_CONVERSION = YES;
				CLANG_WARN_OBJC_ROOT_CLASS = YES_ERROR;
				CLANG_WARN_RANGE_LOOP_ANALYSIS = YES;
				CLANG_WARN_STRICT_PROTOTYPES = YES;
				CLANG_WARN_SUSPICIOUS_MOVE = YES;
				CLANG_WARN_UNREACHABLE_CODE = YES;
				CLANG_WARN__DUPLICATE_METHOD_MATCH = YES;
				"CODE_SIGN_IDENTITY[sdk=iphoneos*]" = "iPhone Developer";
				COPY_PHASE_STRIP = NO;
				DEBUG_INFORMATION_FORMAT = "dwarf-with-dsym";
				ENABLE_STRICT_OBJC_MSGSEND = YES;
				ENABLE_TESTABILITY = YES;
				GCC_C_LANGUAGE_STANDARD = gnu99;
				GCC_DYNAMIC_NO_PIC = NO;
				GCC_NO_COMMON_BLOCKS = YES;
				GCC_OPTIMIZATION_LEVEL = 0;
				GCC_PREPROCESSOR_DEFINITIONS = (
					"DEBUG=1",
					"$(inherited)",
				);
				GCC_SYMBOLS_PRIVATE_EXTERN = NO;
				GCC_WARN_64_TO_32_BIT_CONVERSION = YES;
				GCC_WARN_ABOUT_RETURN_TYPE = YES_ERROR;
				GCC_WARN_UNDECLARED_SELECTOR = YES;
				GCC_WARN_UNINITIALIZED_AUTOS = YES_AGGRESSIVE;
				GCC_WARN_UNUSED_FUNCTION = YES;
				GCC_WARN_UNUSED_VARIABLE = YES;
				IPHONEOS_DEPLOYMENT_TARGET = 9.0;
				MTL_ENABLE_DEBUG_INFO = YES;
				ONLY_ACTIVE_ARCH = YES;
				SDKROOT = iphoneos;
				SWIFT_OPTIMIZATION_LEVEL = "-Onone";
			};
			name = Debug;
		};
		607FACEE1AFB9204008FA782 /* Release */ = {
			isa = XCBuildConfiguration;
			buildSettings = {
				ALWAYS_SEARCH_USER_PATHS = NO;
				CLANG_ANALYZER_LOCALIZABILITY_NONLOCALIZED = YES;
				CLANG_CXX_LANGUAGE_STANDARD = "gnu++0x";
				CLANG_CXX_LIBRARY = "libc++";
				CLANG_ENABLE_MODULES = YES;
				CLANG_ENABLE_OBJC_ARC = YES;
				CLANG_WARN_BLOCK_CAPTURE_AUTORELEASING = YES;
				CLANG_WARN_BOOL_CONVERSION = YES;
				CLANG_WARN_COMMA = YES;
				CLANG_WARN_CONSTANT_CONVERSION = YES;
				CLANG_WARN_DEPRECATED_OBJC_IMPLEMENTATIONS = YES;
				CLANG_WARN_DIRECT_OBJC_ISA_USAGE = YES_ERROR;
				CLANG_WARN_EMPTY_BODY = YES;
				CLANG_WARN_ENUM_CONVERSION = YES;
				CLANG_WARN_INFINITE_RECURSION = YES;
				CLANG_WARN_INT_CONVERSION = YES;
				CLANG_WARN_NON_LITERAL_NULL_CONVERSION = YES;
				CLANG_WARN_OBJC_IMPLICIT_RETAIN_SELF = YES;
				CLANG_WARN_OBJC_LITERAL_CONVERSION = YES;
				CLANG_WARN_OBJC_ROOT_CLASS = YES_ERROR;
				CLANG_WARN_RANGE_LOOP_ANALYSIS = YES;
				CLANG_WARN_STRICT_PROTOTYPES = YES;
				CLANG_WARN_SUSPICIOUS_MOVE = YES;
				CLANG_WARN_UNREACHABLE_CODE = YES;
				CLANG_WARN__DUPLICATE_METHOD_MATCH = YES;
				"CODE_SIGN_IDENTITY[sdk=iphoneos*]" = "iPhone Developer";
				COPY_PHASE_STRIP = NO;
				DEBUG_INFORMATION_FORMAT = "dwarf-with-dsym";
				ENABLE_NS_ASSERTIONS = NO;
				ENABLE_STRICT_OBJC_MSGSEND = YES;
				GCC_C_LANGUAGE_STANDARD = gnu99;
				GCC_NO_COMMON_BLOCKS = YES;
				GCC_WARN_64_TO_32_BIT_CONVERSION = YES;
				GCC_WARN_ABOUT_RETURN_TYPE = YES_ERROR;
				GCC_WARN_UNDECLARED_SELECTOR = YES;
				GCC_WARN_UNINITIALIZED_AUTOS = YES_AGGRESSIVE;
				GCC_WARN_UNUSED_FUNCTION = YES;
				GCC_WARN_UNUSED_VARIABLE = YES;
				IPHONEOS_DEPLOYMENT_TARGET = 9.0;
				MTL_ENABLE_DEBUG_INFO = NO;
				SDKROOT = iphoneos;
				SWIFT_COMPILATION_MODE = wholemodule;
				SWIFT_OPTIMIZATION_LEVEL = "-O";
				VALIDATE_PRODUCT = YES;
			};
			name = Release;
		};
		607FACF01AFB9204008FA782 /* Debug */ = {
			isa = XCBuildConfiguration;
			baseConfigurationReference = 15CF87684AC2F129E32CC71E /* Pods-HCaptcha_Example.debug.xcconfig */;
			buildSettings = {
				ASSETCATALOG_COMPILER_APPICON_NAME = AppIcon;
				CODE_SIGN_STYLE = Manual;
				DEVELOPMENT_TEAM = 58EEZG76L8;
				INFOPLIST_FILE = HCaptcha/Info.plist;
				LD_RUNPATH_SEARCH_PATHS = (
					"$(inherited)",
					"@executable_path/Frameworks",
				);
				MODULE_NAME = ExampleApp;
				PRODUCT_BUNDLE_IDENTIFIER = "com.flaviocaetano.HCaptcha-Example";
				PRODUCT_NAME = "$(TARGET_NAME)";
				PROVISIONING_PROFILE_SPECIFIER = "Development Wildcard";
				SWIFT_VERSION = 5.0;
			};
			name = Debug;
		};
		607FACF11AFB9204008FA782 /* Release */ = {
			isa = XCBuildConfiguration;
			baseConfigurationReference = 7CAE52D12DDE8FC56C961E7D /* Pods-HCaptcha_Example.release.xcconfig */;
			buildSettings = {
				ASSETCATALOG_COMPILER_APPICON_NAME = AppIcon;
				CODE_SIGN_STYLE = Manual;
				DEVELOPMENT_TEAM = "";
				INFOPLIST_FILE = HCaptcha/Info.plist;
				LD_RUNPATH_SEARCH_PATHS = (
					"$(inherited)",
					"@executable_path/Frameworks",
				);
				MODULE_NAME = ExampleApp;
				PRODUCT_BUNDLE_IDENTIFIER = "com.flaviocaetano.HCaptcha-Example";
				PRODUCT_NAME = "$(TARGET_NAME)";
				PROVISIONING_PROFILE_SPECIFIER = "";
				SWIFT_VERSION = 5.0;
			};
			name = Release;
		};
		E626A8062890568C0069D449 /* Debug */ = {
			isa = XCBuildConfiguration;
			buildSettings = {
				ASSETCATALOG_COMPILER_APPICON_NAME = AppIcon;
				ASSETCATALOG_COMPILER_GLOBAL_ACCENT_COLOR_NAME = AccentColor;
				CLANG_ANALYZER_NONNULL = YES;
				CLANG_ANALYZER_NUMBER_OBJECT_CONVERSION = YES_AGGRESSIVE;
				CLANG_CXX_LANGUAGE_STANDARD = "gnu++17";
				CLANG_ENABLE_OBJC_WEAK = YES;
				CLANG_WARN_DOCUMENTATION_COMMENTS = YES;
				CLANG_WARN_QUOTED_INCLUDE_IN_FRAMEWORK_HEADER = YES;
				CLANG_WARN_UNGUARDED_AVAILABILITY = YES_AGGRESSIVE;
				CODE_SIGN_STYLE = Automatic;
				CURRENT_PROJECT_VERSION = 1;
				DEBUG_INFORMATION_FORMAT = dwarf;
				DEVELOPMENT_ASSET_PATHS = "";
				ENABLE_PREVIEWS = YES;
				GCC_C_LANGUAGE_STANDARD = gnu11;
				GENERATE_INFOPLIST_FILE = YES;
				INFOPLIST_FILE = ObjC/Info.plist;
				INFOPLIST_KEY_UIApplicationSceneManifest_Generation = YES;
				INFOPLIST_KEY_UIApplicationSupportsIndirectInputEvents = YES;
				INFOPLIST_KEY_UILaunchScreen_Generation = YES;
				INFOPLIST_KEY_UISupportedInterfaceOrientations_iPad = "UIInterfaceOrientationPortrait UIInterfaceOrientationPortraitUpsideDown UIInterfaceOrientationLandscapeLeft UIInterfaceOrientationLandscapeRight";
				INFOPLIST_KEY_UISupportedInterfaceOrientations_iPhone = "UIInterfaceOrientationPortrait UIInterfaceOrientationLandscapeLeft UIInterfaceOrientationLandscapeRight";
				IPHONEOS_DEPLOYMENT_TARGET = 15.5;
				LD_RUNPATH_SEARCH_PATHS = (
					"$(inherited)",
					"@executable_path/Frameworks",
				);
				MARKETING_VERSION = 1.0;
				MTL_ENABLE_DEBUG_INFO = INCLUDE_SOURCE;
				MTL_FAST_MATH = YES;
				PRODUCT_BUNDLE_IDENTIFIER = "com.flaviocaetano.HCaptcha-SwiftUI-Example.HCaptcha-SwiftUI-Example";
				PRODUCT_NAME = "$(TARGET_NAME)";
				SWIFT_ACTIVE_COMPILATION_CONDITIONS = DEBUG;
				SWIFT_EMIT_LOC_STRINGS = YES;
				SWIFT_VERSION = 5.0;
				TARGETED_DEVICE_FAMILY = "1,2";
			};
			name = Debug;
		};
		E626A8072890568C0069D449 /* Release */ = {
			isa = XCBuildConfiguration;
			buildSettings = {
				ASSETCATALOG_COMPILER_APPICON_NAME = AppIcon;
				ASSETCATALOG_COMPILER_GLOBAL_ACCENT_COLOR_NAME = AccentColor;
				CLANG_ANALYZER_NONNULL = YES;
				CLANG_ANALYZER_NUMBER_OBJECT_CONVERSION = YES_AGGRESSIVE;
				CLANG_CXX_LANGUAGE_STANDARD = "gnu++17";
				CLANG_ENABLE_OBJC_WEAK = YES;
				CLANG_WARN_DOCUMENTATION_COMMENTS = YES;
				CLANG_WARN_QUOTED_INCLUDE_IN_FRAMEWORK_HEADER = YES;
				CLANG_WARN_UNGUARDED_AVAILABILITY = YES_AGGRESSIVE;
				CODE_SIGN_STYLE = Automatic;
				CURRENT_PROJECT_VERSION = 1;
				DEVELOPMENT_ASSET_PATHS = "";
				ENABLE_PREVIEWS = YES;
				GCC_C_LANGUAGE_STANDARD = gnu11;
				GENERATE_INFOPLIST_FILE = YES;
				INFOPLIST_FILE = ObjC/Info.plist;
				INFOPLIST_KEY_UIApplicationSceneManifest_Generation = YES;
				INFOPLIST_KEY_UIApplicationSupportsIndirectInputEvents = YES;
				INFOPLIST_KEY_UILaunchScreen_Generation = YES;
				INFOPLIST_KEY_UISupportedInterfaceOrientations_iPad = "UIInterfaceOrientationPortrait UIInterfaceOrientationPortraitUpsideDown UIInterfaceOrientationLandscapeLeft UIInterfaceOrientationLandscapeRight";
				INFOPLIST_KEY_UISupportedInterfaceOrientations_iPhone = "UIInterfaceOrientationPortrait UIInterfaceOrientationLandscapeLeft UIInterfaceOrientationLandscapeRight";
				IPHONEOS_DEPLOYMENT_TARGET = 15.5;
				LD_RUNPATH_SEARCH_PATHS = (
					"$(inherited)",
					"@executable_path/Frameworks",
				);
				MARKETING_VERSION = 1.0;
				MTL_FAST_MATH = YES;
				PRODUCT_BUNDLE_IDENTIFIER = "com.flaviocaetano.HCaptcha-SwiftUI-Example.HCaptcha-SwiftUI-Example";
				PRODUCT_NAME = "$(TARGET_NAME)";
				SWIFT_EMIT_LOC_STRINGS = YES;
				SWIFT_VERSION = 5.0;
				TARGETED_DEVICE_FAMILY = "1,2";
			};
			name = Release;
		};
		E65145FE2779AE850079668A /* Debug */ = {
			isa = XCBuildConfiguration;
			baseConfigurationReference = F0C65B53B0061534EA17E10A /* Pods-HCaptcha_Objc_Example.debug.xcconfig */;
			buildSettings = {
				ASSETCATALOG_COMPILER_APPICON_NAME = AppIcon;
				ASSETCATALOG_COMPILER_GLOBAL_ACCENT_COLOR_NAME = AccentColor;
				CLANG_ANALYZER_NONNULL = YES;
				CLANG_ANALYZER_NUMBER_OBJECT_CONVERSION = YES_AGGRESSIVE;
				CLANG_CXX_LANGUAGE_STANDARD = "gnu++17";
				CLANG_ENABLE_OBJC_WEAK = YES;
				CLANG_WARN_DOCUMENTATION_COMMENTS = YES;
				CLANG_WARN_QUOTED_INCLUDE_IN_FRAMEWORK_HEADER = "$(inherited)";
				CLANG_WARN_UNGUARDED_AVAILABILITY = YES_AGGRESSIVE;
				CODE_SIGN_STYLE = Automatic;
				CURRENT_PROJECT_VERSION = 1;
				DEBUG_INFORMATION_FORMAT = dwarf;
				GCC_C_LANGUAGE_STANDARD = gnu11;
				GENERATE_INFOPLIST_FILE = YES;
				INFOPLIST_FILE = Objc/Info.plist;
				INFOPLIST_KEY_UIApplicationSupportsIndirectInputEvents = YES;
				INFOPLIST_KEY_UILaunchStoryboardName = LaunchScreen;
				INFOPLIST_KEY_UIMainStoryboardFile = Main;
				INFOPLIST_KEY_UISupportedInterfaceOrientations = UIInterfaceOrientationPortrait;
				INFOPLIST_KEY_UISupportedInterfaceOrientations_iPad = "UIInterfaceOrientationPortrait UIInterfaceOrientationPortraitUpsideDown UIInterfaceOrientationLandscapeLeft UIInterfaceOrientationLandscapeRight";
				INFOPLIST_KEY_UISupportedInterfaceOrientations_iPhone = "UIInterfaceOrientationPortrait UIInterfaceOrientationLandscapeLeft UIInterfaceOrientationLandscapeRight";
				IPHONEOS_DEPLOYMENT_TARGET = 9.0;
				LD_RUNPATH_SEARCH_PATHS = (
					"$(inherited)",
					"@executable_path/Frameworks",
				);
				LOCALIZED_STRING_SWIFTUI_SUPPORT = NO;
				MARKETING_VERSION = 1.0;
				MTL_ENABLE_DEBUG_INFO = INCLUDE_SOURCE;
				MTL_FAST_MATH = YES;
				PRODUCT_BUNDLE_IDENTIFIER = "com.flaviocaetano.HCaptcha-Objc-Example.HCaptcha-Objc-Example";
				PRODUCT_NAME = "$(TARGET_NAME)";
				STRIP_SWIFT_SYMBOLS = NO;
				SWIFT_EMIT_LOC_STRINGS = NO;
				TARGETED_DEVICE_FAMILY = "1,2";
			};
			name = Debug;
		};
		E65145FF2779AE850079668A /* Release */ = {
			isa = XCBuildConfiguration;
			baseConfigurationReference = 8453AB7DC2F84E620BCFA704 /* Pods-HCaptcha_Objc_Example.release.xcconfig */;
			buildSettings = {
				ASSETCATALOG_COMPILER_APPICON_NAME = AppIcon;
				ASSETCATALOG_COMPILER_GLOBAL_ACCENT_COLOR_NAME = AccentColor;
				CLANG_ANALYZER_NONNULL = YES;
				CLANG_ANALYZER_NUMBER_OBJECT_CONVERSION = YES_AGGRESSIVE;
				CLANG_CXX_LANGUAGE_STANDARD = "gnu++17";
				CLANG_ENABLE_OBJC_WEAK = YES;
				CLANG_WARN_DOCUMENTATION_COMMENTS = YES;
				CLANG_WARN_QUOTED_INCLUDE_IN_FRAMEWORK_HEADER = "$(inherited)";
				CLANG_WARN_UNGUARDED_AVAILABILITY = YES_AGGRESSIVE;
				CODE_SIGN_STYLE = Automatic;
				CURRENT_PROJECT_VERSION = 1;
				GCC_C_LANGUAGE_STANDARD = gnu11;
				GENERATE_INFOPLIST_FILE = YES;
				INFOPLIST_FILE = Objc/Info.plist;
				INFOPLIST_KEY_UIApplicationSupportsIndirectInputEvents = YES;
				INFOPLIST_KEY_UILaunchStoryboardName = LaunchScreen;
				INFOPLIST_KEY_UIMainStoryboardFile = Main;
				INFOPLIST_KEY_UISupportedInterfaceOrientations = UIInterfaceOrientationPortrait;
				INFOPLIST_KEY_UISupportedInterfaceOrientations_iPad = "UIInterfaceOrientationPortrait UIInterfaceOrientationPortraitUpsideDown UIInterfaceOrientationLandscapeLeft UIInterfaceOrientationLandscapeRight";
				INFOPLIST_KEY_UISupportedInterfaceOrientations_iPhone = "UIInterfaceOrientationPortrait UIInterfaceOrientationLandscapeLeft UIInterfaceOrientationLandscapeRight";
				IPHONEOS_DEPLOYMENT_TARGET = 9.0;
				LD_RUNPATH_SEARCH_PATHS = (
					"$(inherited)",
					"@executable_path/Frameworks",
				);
				LOCALIZED_STRING_SWIFTUI_SUPPORT = NO;
				MARKETING_VERSION = 1.0;
				MTL_FAST_MATH = YES;
				PRODUCT_BUNDLE_IDENTIFIER = "com.flaviocaetano.HCaptcha-Objc-Example.HCaptcha-Objc-Example";
				PRODUCT_NAME = "$(TARGET_NAME)";
				STRIP_SWIFT_SYMBOLS = NO;
				SWIFT_EMIT_LOC_STRINGS = NO;
				TARGETED_DEVICE_FAMILY = "1,2";
			};
			name = Release;
		};
		F28FACA3200E425600E14987 /* Debug */ = {
			isa = XCBuildConfiguration;
			baseConfigurationReference = F9ED7BF8ED7CB5CA4E75F987 /* Pods-HCaptcha_UITests.debug.xcconfig */;
			buildSettings = {
				CLANG_ANALYZER_NONNULL = YES;
				CLANG_ANALYZER_NUMBER_OBJECT_CONVERSION = YES_AGGRESSIVE;
				CLANG_CXX_LANGUAGE_STANDARD = "gnu++14";
				CLANG_WARN_DOCUMENTATION_COMMENTS = YES;
				CLANG_WARN_UNGUARDED_AVAILABILITY = YES_AGGRESSIVE;
				CODE_SIGN_IDENTITY = "iPhone Developer";
				CODE_SIGN_STYLE = Automatic;
				DEBUG_INFORMATION_FORMAT = dwarf;
				GCC_C_LANGUAGE_STANDARD = gnu11;
				INFOPLIST_FILE = HCaptcha_UITests/Info.plist;
				IPHONEOS_DEPLOYMENT_TARGET = 9.0;
				LD_RUNPATH_SEARCH_PATHS = (
					"$(inherited)",
					"@executable_path/Frameworks",
					"@loader_path/Frameworks",
				);
				PRODUCT_BUNDLE_IDENTIFIER = "HCaptcha.HCaptcha-UITests";
				PRODUCT_NAME = "$(TARGET_NAME)";
				SWIFT_ACTIVE_COMPILATION_CONDITIONS = DEBUG;
				SWIFT_VERSION = 5.0;
				TARGETED_DEVICE_FAMILY = "1,2";
				TEST_TARGET_NAME = HCaptcha_Example;
			};
			name = Debug;
		};
		F28FACA4200E425600E14987 /* Release */ = {
			isa = XCBuildConfiguration;
			baseConfigurationReference = 086C3E9D592A52524FB6CA89 /* Pods-HCaptcha_UITests.release.xcconfig */;
			buildSettings = {
				CLANG_ANALYZER_NONNULL = YES;
				CLANG_ANALYZER_NUMBER_OBJECT_CONVERSION = YES_AGGRESSIVE;
				CLANG_CXX_LANGUAGE_STANDARD = "gnu++14";
				CLANG_WARN_DOCUMENTATION_COMMENTS = YES;
				CLANG_WARN_UNGUARDED_AVAILABILITY = YES_AGGRESSIVE;
				CODE_SIGN_IDENTITY = "iPhone Developer";
				CODE_SIGN_STYLE = Automatic;
				GCC_C_LANGUAGE_STANDARD = gnu11;
				INFOPLIST_FILE = HCaptcha_UITests/Info.plist;
				IPHONEOS_DEPLOYMENT_TARGET = 9.0;
				LD_RUNPATH_SEARCH_PATHS = (
					"$(inherited)",
					"@executable_path/Frameworks",
					"@loader_path/Frameworks",
				);
				PRODUCT_BUNDLE_IDENTIFIER = "HCaptcha.HCaptcha-UITests";
				PRODUCT_NAME = "$(TARGET_NAME)";
				SWIFT_VERSION = 5.0;
				TARGETED_DEVICE_FAMILY = "1,2";
				TEST_TARGET_NAME = HCaptcha_Example;
			};
			name = Release;
		};
		F2ECCF7E1E9FC47B0097B199 /* Debug */ = {
			isa = XCBuildConfiguration;
			baseConfigurationReference = EE4771EFB96171863ED97253 /* Pods-HCaptcha_Tests.debug.xcconfig */;
			buildSettings = {
				BUNDLE_LOADER = "$(TEST_HOST)";
				CLANG_ANALYZER_NONNULL = YES;
				CLANG_ANALYZER_NUMBER_OBJECT_CONVERSION = YES_AGGRESSIVE;
				CLANG_WARN_DOCUMENTATION_COMMENTS = YES;
				DEBUG_INFORMATION_FORMAT = dwarf;
				DEVELOPMENT_TEAM = "";
				INFOPLIST_FILE = HCaptcha_Tests/Info.plist;
				IPHONEOS_DEPLOYMENT_TARGET = 13.0;
				LD_RUNPATH_SEARCH_PATHS = (
					"$(inherited)",
					"@executable_path/Frameworks",
					"@loader_path/Frameworks",
				);
				PRODUCT_BUNDLE_IDENTIFIER = "com.flaviocaetano.HCaptcha-Tests";
				PRODUCT_NAME = "$(TARGET_NAME)";
				SWIFT_ACTIVE_COMPILATION_CONDITIONS = "DEBUG UNIT_TESTS";
				SWIFT_VERSION = 5.0;
				TEST_HOST = "$(BUILT_PRODUCTS_DIR)/HCaptcha_Example.app/HCaptcha_Example";
			};
			name = Debug;
		};
		F2ECCF7F1E9FC47B0097B199 /* Release */ = {
			isa = XCBuildConfiguration;
			baseConfigurationReference = 15BC45B776D109210F2FC581 /* Pods-HCaptcha_Tests.release.xcconfig */;
			buildSettings = {
				BUNDLE_LOADER = "$(TEST_HOST)";
				CLANG_ANALYZER_NONNULL = YES;
				CLANG_ANALYZER_NUMBER_OBJECT_CONVERSION = YES_AGGRESSIVE;
				CLANG_WARN_DOCUMENTATION_COMMENTS = YES;
				DEVELOPMENT_TEAM = "";
				INFOPLIST_FILE = HCaptcha_Tests/Info.plist;
				IPHONEOS_DEPLOYMENT_TARGET = 13.0;
				LD_RUNPATH_SEARCH_PATHS = (
					"$(inherited)",
					"@executable_path/Frameworks",
					"@loader_path/Frameworks",
				);
				PRODUCT_BUNDLE_IDENTIFIER = "com.flaviocaetano.HCaptcha-Tests";
				PRODUCT_NAME = "$(TARGET_NAME)";
				SWIFT_VERSION = 5.0;
				TEST_HOST = "$(BUILT_PRODUCTS_DIR)/HCaptcha_Example.app/HCaptcha_Example";
			};
			name = Release;
		};
/* End XCBuildConfiguration section */

/* Begin XCConfigurationList section */
		607FACCB1AFB9204008FA782 /* Build configuration list for PBXProject "HCaptcha" */ = {
			isa = XCConfigurationList;
			buildConfigurations = (
				607FACED1AFB9204008FA782 /* Debug */,
				607FACEE1AFB9204008FA782 /* Release */,
			);
			defaultConfigurationIsVisible = 0;
			defaultConfigurationName = Release;
		};
		607FACEF1AFB9204008FA782 /* Build configuration list for PBXNativeTarget "HCaptcha_Example" */ = {
			isa = XCConfigurationList;
			buildConfigurations = (
				607FACF01AFB9204008FA782 /* Debug */,
				607FACF11AFB9204008FA782 /* Release */,
			);
			defaultConfigurationIsVisible = 0;
			defaultConfigurationName = Release;
		};
		E626A8082890568C0069D449 /* Build configuration list for PBXNativeTarget "HCaptcha_SwiftUI_Example" */ = {
			isa = XCConfigurationList;
			buildConfigurations = (
				E626A8062890568C0069D449 /* Debug */,
				E626A8072890568C0069D449 /* Release */,
			);
			defaultConfigurationIsVisible = 0;
			defaultConfigurationName = Release;
		};
		E65146002779AE850079668A /* Build configuration list for PBXNativeTarget "HCaptcha_Objc_Example" */ = {
			isa = XCConfigurationList;
			buildConfigurations = (
				E65145FE2779AE850079668A /* Debug */,
				E65145FF2779AE850079668A /* Release */,
			);
			defaultConfigurationIsVisible = 0;
			defaultConfigurationName = Release;
		};
		F28FACA5200E425600E14987 /* Build configuration list for PBXNativeTarget "HCaptcha_UITests" */ = {
			isa = XCConfigurationList;
			buildConfigurations = (
				F28FACA3200E425600E14987 /* Debug */,
				F28FACA4200E425600E14987 /* Release */,
			);
			defaultConfigurationIsVisible = 0;
			defaultConfigurationName = Release;
		};
		F2ECCF7D1E9FC47B0097B199 /* Build configuration list for PBXNativeTarget "HCaptcha_Tests" */ = {
			isa = XCConfigurationList;
			buildConfigurations = (
				F2ECCF7E1E9FC47B0097B199 /* Debug */,
				F2ECCF7F1E9FC47B0097B199 /* Release */,
			);
			defaultConfigurationIsVisible = 0;
			defaultConfigurationName = Release;
		};
/* End XCConfigurationList section */

/* Begin XCSwiftPackageProductDependency section */
		E6586CCE2893DBCA0051EFE7 /* HCaptcha */ = {
			isa = XCSwiftPackageProductDependency;
			productName = HCaptcha;
		};
		E6586CD02893DBD80051EFE7 /* HCaptcha */ = {
			isa = XCSwiftPackageProductDependency;
			productName = HCaptcha;
		};
/* End XCSwiftPackageProductDependency section */
	};
	rootObject = 607FACC81AFB9204008FA782 /* Project object */;
}
