PODS:
  - AppSwizzle (1.3.1)
  - HCaptcha/Core (1.5.2)
  - HCaptcha/RxSwift (1.5.2):
    - HCaptcha/Core
    - RxSwift (~> 5.0)
  - RxBlocking (5.0.0):
    - RxSwift (~> 5)
  - RxCocoa (5.0.0):
    - RxRelay (~> 5)
    - RxSwift (~> 5)
  - RxRelay (5.0.0):
    - RxSwift (~> 5)
  - RxSwift (5.0.0)
  - SwiftLint (0.33.0)

DEPENDENCIES:
  - AppSwizzle (~> 1.3)
  - HCaptcha/RxSwift (from `../`)
  - RxBlocking (~> 5.0)
  - RxCocoa (~> 5.0)
  - SwiftLint (~> 0.33)

SPEC REPOS:
  trunk:
    - AppSwizzle
    - RxBlocking
    - RxCocoa
    - RxRelay
    - RxSwift
    - SwiftLint

EXTERNAL SOURCES:
  HCaptcha:
    :path: "../"

SPEC CHECKSUMS:
  AppSwizzle: db36e436f56110d93e5ae0147683435df593cabc
  HCaptcha: d0a99ebfb911b4ed9da7e1dff9cfcd5ede6d4409
  RxBlocking: c67185d26498ea3cbe3e121917c3c16739e43123
  RxCocoa: fcf32050ac00d801f34a7f71d5e8e7f23026dcd8
  RxRelay: 4f7409406a51a55cd88483f21ed898c234d60f18
  RxSwift: 8b0671caa829a763bbce7271095859121cbd895f
  SwiftLint: fed9c66336e41fc74dc48a73678380718f0c8b0e

PODFILE CHECKSUM: de406f84f6e54056a7ecce0140749e7639e51bda

COCOAPODS: 1.10.0
