PODS:
  - AppSwizzle (1.3.1)
  - HCaptcha (2.9.1):
    - HCaptcha/Core (= 2.9.1)
  - HCaptcha/Core (2.9.1)
  - HCaptcha/RxSwift (2.9.1):
    - HCaptcha/Core
    - RxSwift (~> 6.2.0)
  - RxBlocking (6.2.0):
    - RxSwift (= 6.2.0)
  - RxCocoa (6.2.0):
    - RxRelay (= 6.2.0)
    - RxSwift (= 6.2.0)
  - RxRelay (6.2.0):
    - RxSwift (= 6.2.0)
  - RxSwift (6.2.0)
  - SwiftLint (0.43.1)

DEPENDENCIES:
  - AppSwizzle (~> 1.3)
  - HCaptcha (from `../`)
  - HCaptcha/Core (from `../`)
  - HCaptcha/RxSwift (from `../`)
  - RxBlocking (~> 6.2.0)
  - RxCocoa (~> 6.2.0)
  - SwiftLint (~> 0.33)

SPEC REPOS:
  trunk:
    - AppSwizzle
    - RxBlocking
    - RxCocoa
    - RxRelay
    - RxSwift
    - SwiftLint

EXTERNAL SOURCES:
  HCaptcha:
    :path: "../"

SPEC CHECKSUMS:
  AppSwizzle: db36e436f56110d93e5ae0147683435df593cabc
  HCaptcha: cce76b17a4e2c808c59e5459dd807fd52a093e72
  RxBlocking: 0b29f7d2079109a8de49c411381bed7c33ef1eeb
  RxCocoa: 4baf94bb35f2c0ab31bc0cb9f1900155f646ba42
  RxRelay: e72dbfd157807478401ef1982e1c61c945c94b2f
  RxSwift: d356ab7bee873611322f134c5f9ef379fa183d8f
  SwiftLint: 99f82d07b837b942dd563c668de129a03fc3fb52

PODFILE CHECKSUM: b62e2e3a891c2e41b6959a4da072c538eea5e5ad

COCOAPODS: 1.16.2
