PODS:
  - AppSwizzle (1.3.1)
  - HCaptcha (2.10.0):
    - HCaptcha/Core (= 2.10.0)
  - HCaptcha/Core (2.10.0)
  - HCaptcha/RxSwift (2.10.0):
    - HCaptcha/Core
    - RxSwift (~> 6.9.0)
  - RxBlocking (6.9.0):
    - RxSwift (= 6.9.0)
  - RxCocoa (6.9.0):
    - RxRelay (= 6.9.0)
    - RxSwift (= 6.9.0)
  - RxRelay (6.9.0):
    - RxSwift (= 6.9.0)
  - RxSwift (6.9.0)
  - SwiftLint (0.43.1)

DEPENDENCIES:
  - AppSwizzle (~> 1.3)
  - HCaptcha (from `../`)
  - HCaptcha/Core (from `../`)
  - HCaptcha/RxSwift (from `../`)
  - RxBlocking (~> 6.9.0)
  - RxCocoa (~> 6.9.0)
  - SwiftLint (~> 0.33)

SPEC REPOS:
  trunk:
    - AppSwizzle
    - RxBlocking
    - RxCocoa
    - RxRelay
    - RxSwift
    - SwiftLint

EXTERNAL SOURCES:
  HCaptcha:
    :path: "../"

SPEC CHECKSUMS:
  AppSwizzle: db36e436f56110d93e5ae0147683435df593cabc
  HCaptcha: 289da96594ec8596d867902934384943b80c8be5
  RxBlocking: 5d2b26d019b6ba9eb3f58638611f124609c44822
  RxCocoa: ac16414696ae706516be3e1ab00fcce5bdc9be8a
  RxRelay: 6b0c930e5cef57d5fe2032571e5e65b78e3cbdb1
  RxSwift: 31649ace6aceeb422e16ff71c60804f9c3281ed9
  SwiftLint: 99f82d07b837b942dd563c668de129a03fc3fb52

PODFILE CHECKSUM: ea7bd0684988979a2683457c28806a146737dd82

COCOAPODS: 1.16.2
